{
  "version": 4,
  "terraform_version": "1.6.3",
  "serial": 222,
  "lineage": "d8c39a01-e939-fa58-bfa6-0a5e5e283c24",
  "outputs": {},
  "resources": [
    {
      "module": "module.databricks",
      "mode": "data",
      "type": "databricks_group",
      "name": "admins",
      "provider": "module.databricks.provider[\"registry.terraform.io/databrickslabs/databricks\"]",
      "instances": [
        {
          "schema_version": 0,
          "attributes": {
            "allow_cluster_create": true,
            "allow_instance_pool_create": true,
            "display_name": "admins",
            "groups": [],
            "id": "128289143174603",
            "instance_profiles": [],
            "members": [
              "6942162358277681",
              "8388420215175509"
            ],
            "recursive": true
          },
          "sensitive_attributes": []
        }
      ]
    },
    {
      "module": "module.databricks",
      "mode": "managed",
      "type": "azuread_application",
      "name": "databricks_app",
      "provider": "provider[\"registry.terraform.io/hashicorp/azuread\"]",
      "instances": [
        {
          "schema_version": 2,
          "attributes": {
            "api": [
              {
                "known_client_applications": [],
                "mapped_claims_enabled": false,
                "oauth2_permission_scope": [],
                "requested_access_token_version": 1
              }
            ],
            "app_role": [],
            "app_role_ids": {},
            "application_id": "4f7d3765-86ba-461b-8047-ea9c341ce085",
            "client_id": "4f7d3765-86ba-461b-8047-ea9c341ce085",
            "description": "",
            "device_only_auth_enabled": false,
            "disabled_by_microsoft": "\u003cnil\u003e",
            "display_name": "My_tera_service",
            "fallback_public_client_enabled": false,
            "feature_tags": [
              {
                "custom_single_sign_on": false,
                "enterprise": false,
                "gallery": false,
                "hide": false
              }
            ],
            "group_membership_claims": null,
            "id": "/applications/39293d20-cc74-45ff-b74f-51bcbb5db3db",
            "identifier_uris": null,
            "logo_image": "",
            "logo_url": "",
            "marketing_url": "",
            "notes": "",
            "oauth2_permission_scope_ids": {},
            "oauth2_post_response_required": false,
            "object_id": "39293d20-cc74-45ff-b74f-51bcbb5db3db",
            "optional_claims": [
              {
                "access_token": [],
                "id_token": [],
                "saml2_token": []
              }
            ],
            "owners": null,
            "prevent_duplicate_names": false,
            "privacy_statement_url": "",
            "public_client": [
              {
                "redirect_uris": []
              }
            ],
            "publisher_domain": "ankitprepoutlook.onmicrosoft.com",
            "required_resource_access": [],
            "service_management_reference": "",
            "sign_in_audience": "AzureADMyOrg",
            "single_page_application": [
              {
                "redirect_uris": []
              }
            ],
            "support_url": "",
            "tags": [],
            "template_id": "",
            "terms_of_service_url": "",
            "timeouts": null,
            "web": [
              {
                "homepage_url": "",
                "implicit_grant": [
                  {
                    "access_token_issuance_enabled": false,
                    "id_token_issuance_enabled": false
                  }
                ],
                "logout_url": "",
                "redirect_uris": []
              }
            ]
          },
          "sensitive_attributes": [],
          "private": "eyJlMmJmYjczMC1lY2FhLTExZTYtOGY4OC0zNDM2M2JjN2M0YzAiOnsiY3JlYXRlIjo2MDAwMDAwMDAwMDAsImRlbGV0ZSI6MzAwMDAwMDAwMDAwLCJyZWFkIjozMDAwMDAwMDAwMDAsInVwZGF0ZSI6NjAwMDAwMDAwMDAwfSwic2NoZW1hX3ZlcnNpb24iOiIyIn0="
        }
      ]
    },
    {
      "module": "module.databricks",
      "mode": "managed",
      "type": "azurerm_databricks_workspace",
      "name": "myworkspace",
      "provider": "module.databricks.provider[\"registry.terraform.io/hashicorp/azurerm\"]",
      "instances": [
        {
          "schema_version": 0,
          "attributes": {
            "custom_parameters": [
              {
                "machine_learning_workspace_id": "",
                "nat_gateway_name": "",
                "no_public_ip": false,
                "private_subnet_name": "",
                "private_subnet_network_security_group_association_id": "",
                "public_ip_name": "nat-gw-public-ip",
                "public_subnet_name": "",
                "public_subnet_network_security_group_association_id": "",
                "storage_account_name": "dbstorage6hwrdpghobyks",
                "storage_account_sku_name": "Standard_GRS",
                "virtual_network_id": "",
                "vnet_address_prefix": "10.139"
              }
            ],
            "customer_managed_key_enabled": false,
            "disk_encryption_set_id": null,
            "id": "/subscriptions/a637d602-ce36-472f-af49-6339e477966d/resourceGroups/my_terra-new-rg/providers/Microsoft.Databricks/workspaces/my_terra-workspace",
            "infrastructure_encryption_enabled": false,
            "load_balancer_backend_address_pool_id": "",
            "location": "eastus",
            "managed_disk_cmk_key_vault_key_id": null,
            "managed_disk_cmk_rotation_to_latest_version_enabled": null,
            "managed_disk_identity": [],
            "managed_resource_group_id": "/subscriptions/a637d602-ce36-472f-af49-6339e477966d/resourceGroups/databricks-rg-my_terra-new-rg",
            "managed_resource_group_name": "databricks-rg-my_terra-new-rg",
            "managed_services_cmk_key_vault_key_id": null,
            "name": "my_terra-workspace",
            "network_security_group_rules_required": null,
            "public_network_access_enabled": true,
            "resource_group_name": "my_terra-new-rg",
            "sku": "premium",
            "storage_account_identity": [],
            "tags": null,
            "timeouts": null,
            "workspace_id": "7018377137157978",
            "workspace_url": "adb-7018377137157978.18.azuredatabricks.net"
          },
          "sensitive_attributes": [],
          "private": "eyJlMmJmYjczMC1lY2FhLTExZTYtOGY4OC0zNDM2M2JjN2M0YzAiOnsiY3JlYXRlIjoxODAwMDAwMDAwMDAwLCJkZWxldGUiOjE4MDAwMDAwMDAwMDAsInJlYWQiOjMwMDAwMDAwMDAwMCwidXBkYXRlIjoxODAwMDAwMDAwMDAwfX0=",
          "dependencies": [
            "module.databricks.azurerm_resource_group.new_rg"
          ]
        }
      ]
    },
    {
      "module": "module.databricks",
      "mode": "managed",
      "type": "azurerm_resource_group",
      "name": "new_rg",
      "provider": "module.databricks.provider[\"registry.terraform.io/hashicorp/azurerm\"]",
      "instances": [
        {
          "schema_version": 0,
          "attributes": {
            "id": "/subscriptions/a637d602-ce36-472f-af49-6339e477966d/resourceGroups/my_terra-new-rg",
            "location": "eastus",
            "managed_by": "",
            "name": "my_terra-new-rg",
            "tags": null,
            "timeouts": null
          },
          "sensitive_attributes": [],
          "private": "eyJlMmJmYjczMC1lY2FhLTExZTYtOGY4OC0zNDM2M2JjN2M0YzAiOnsiY3JlYXRlIjo1NDAwMDAwMDAwMDAwLCJkZWxldGUiOjU0MDAwMDAwMDAwMDAsInJlYWQiOjMwMDAwMDAwMDAwMCwidXBkYXRlIjo1NDAwMDAwMDAwMDAwfX0="
        }
      ]
    },
    {
      "module": "module.databricks",
      "mode": "managed",
      "type": "azurerm_storage_account",
      "name": "unity_catalog",
      "provider": "module.databricks.provider[\"registry.terraform.io/hashicorp/azurerm\"]",
      "instances": [
        {
          "schema_version": 4,
          "attributes": {
            "access_tier": "Hot",
            "account_kind": "StorageV2",
            "account_replication_type": "RAGRS",
            "account_tier": "Standard",
            "allow_nested_items_to_be_public": true,
            "allowed_copy_scope": "",
            "azure_files_authentication": [],
            "blob_properties": [
              {
                "change_feed_enabled": false,
                "change_feed_retention_in_days": 0,
                "container_delete_retention_policy": [],
                "cors_rule": [],
                "default_service_version": "",
                "delete_retention_policy": [],
                "last_access_time_enabled": false,
                "restore_policy": [],
                "versioning_enabled": false
              }
            ],
            "cross_tenant_replication_enabled": true,
            "custom_domain": [],
            "customer_managed_key": [],
            "default_to_oauth_authentication": false,
            "edge_zone": "",
            "enable_https_traffic_only": true,
            "id": "/subscriptions/a637d602-ce36-472f-af49-6339e477966d/resourceGroups/my_terra-new-rg/providers/Microsoft.Storage/storageAccounts/terrastorageaccuc",
            "identity": [],
            "immutability_policy": [],
            "infrastructure_encryption_enabled": false,
            "is_hns_enabled": true,
            "large_file_share_enabled": null,
            "location": "eastus",
            "min_tls_version": "TLS1_2",
            "name": "terrastorageaccuc",
            "network_rules": [
              {
                "bypass": [
                  "AzureServices"
                ],
                "default_action": "Allow",
                "ip_rules": [],
                "private_link_access": [],
                "virtual_network_subnet_ids": []
              }
            ],
            "nfsv3_enabled": false,
            "primary_access_key": "pElUiFh2AaM44OUvoybwoWVc5JnT0QqzCwPJb83OBJ5ELS/7wDUIFyVWbQ7bd7b7Nw1ZbqCrh3TX+AStoPDycA==",
            "primary_blob_connection_string": "DefaultEndpointsProtocol=https;BlobEndpoint=https://terrastorageaccuc.blob.core.windows.net/;AccountName=terrastorageaccuc;AccountKey=pElUiFh2AaM44OUvoybwoWVc5JnT0QqzCwPJb83OBJ5ELS/7wDUIFyVWbQ7bd7b7Nw1ZbqCrh3TX+AStoPDycA==",
            "primary_blob_endpoint": "https://terrastorageaccuc.blob.core.windows.net/",
            "primary_blob_host": "terrastorageaccuc.blob.core.windows.net",
            "primary_blob_internet_endpoint": null,
            "primary_blob_internet_host": null,
            "primary_blob_microsoft_endpoint": null,
            "primary_blob_microsoft_host": null,
            "primary_connection_string": "DefaultEndpointsProtocol=https;AccountName=terrastorageaccuc;AccountKey=pElUiFh2AaM44OUvoybwoWVc5JnT0QqzCwPJb83OBJ5ELS/7wDUIFyVWbQ7bd7b7Nw1ZbqCrh3TX+AStoPDycA==;EndpointSuffix=core.windows.net",
            "primary_dfs_endpoint": "https://terrastorageaccuc.dfs.core.windows.net/",
            "primary_dfs_host": "terrastorageaccuc.dfs.core.windows.net",
            "primary_dfs_internet_endpoint": null,
            "primary_dfs_internet_host": null,
            "primary_dfs_microsoft_endpoint": null,
            "primary_dfs_microsoft_host": null,
            "primary_file_endpoint": "https://terrastorageaccuc.file.core.windows.net/",
            "primary_file_host": "terrastorageaccuc.file.core.windows.net",
            "primary_file_internet_endpoint": null,
            "primary_file_internet_host": null,
            "primary_file_microsoft_endpoint": null,
            "primary_file_microsoft_host": null,
            "primary_location": "eastus",
            "primary_queue_endpoint": "https://terrastorageaccuc.queue.core.windows.net/",
            "primary_queue_host": "terrastorageaccuc.queue.core.windows.net",
            "primary_queue_microsoft_endpoint": null,
            "primary_queue_microsoft_host": null,
            "primary_table_endpoint": "https://terrastorageaccuc.table.core.windows.net/",
            "primary_table_host": "terrastorageaccuc.table.core.windows.net",
            "primary_table_microsoft_endpoint": null,
            "primary_table_microsoft_host": null,
            "primary_web_endpoint": "https://terrastorageaccuc.z13.web.core.windows.net/",
            "primary_web_host": "terrastorageaccuc.z13.web.core.windows.net",
            "primary_web_internet_endpoint": null,
            "primary_web_internet_host": null,
            "primary_web_microsoft_endpoint": null,
            "primary_web_microsoft_host": null,
            "public_network_access_enabled": true,
            "queue_encryption_key_type": "Service",
            "queue_properties": [
              {
                "cors_rule": [],
                "hour_metrics": [
                  {
                    "enabled": true,
                    "include_apis": true,
                    "retention_policy_days": 7,
                    "version": "1.0"
                  }
                ],
                "logging": [
                  {
                    "delete": false,
                    "read": false,
                    "retention_policy_days": 0,
                    "version": "1.0",
                    "write": false
                  }
                ],
                "minute_metrics": [
                  {
                    "enabled": false,
                    "include_apis": false,
                    "retention_policy_days": 0,
                    "version": "1.0"
                  }
                ]
              }
            ],
            "resource_group_name": "my_terra-new-rg",
            "routing": [],
            "sas_policy": [],
            "secondary_access_key": "0gQp2slzzvmYzf1GcJi8DkFqU15IMPTRKS4DzGiss0kiBzBUjZDyG4zhxcnGwZZS4l/4DAKkoeDK+AStF/KA1g==",
            "secondary_blob_connection_string": "DefaultEndpointsProtocol=https;BlobEndpoint=https://terrastorageaccuc-secondary.blob.core.windows.net/;AccountName=terrastorageaccuc;AccountKey=0gQp2slzzvmYzf1GcJi8DkFqU15IMPTRKS4DzGiss0kiBzBUjZDyG4zhxcnGwZZS4l/4DAKkoeDK+AStF/KA1g==",
            "secondary_blob_endpoint": "https://terrastorageaccuc-secondary.blob.core.windows.net/",
            "secondary_blob_host": "terrastorageaccuc-secondary.blob.core.windows.net",
            "secondary_blob_internet_endpoint": null,
            "secondary_blob_internet_host": null,
            "secondary_blob_microsoft_endpoint": null,
            "secondary_blob_microsoft_host": null,
            "secondary_connection_string": "DefaultEndpointsProtocol=https;AccountName=terrastorageaccuc;AccountKey=0gQp2slzzvmYzf1GcJi8DkFqU15IMPTRKS4DzGiss0kiBzBUjZDyG4zhxcnGwZZS4l/4DAKkoeDK+AStF/KA1g==;EndpointSuffix=core.windows.net",
            "secondary_dfs_endpoint": "https://terrastorageaccuc-secondary.dfs.core.windows.net/",
            "secondary_dfs_host": "terrastorageaccuc-secondary.dfs.core.windows.net",
            "secondary_dfs_internet_endpoint": null,
            "secondary_dfs_internet_host": null,
            "secondary_dfs_microsoft_endpoint": null,
            "secondary_dfs_microsoft_host": null,
            "secondary_file_endpoint": "",
            "secondary_file_host": "",
            "secondary_file_internet_endpoint": null,
            "secondary_file_internet_host": null,
            "secondary_file_microsoft_endpoint": null,
            "secondary_file_microsoft_host": null,
            "secondary_location": "westus",
            "secondary_queue_endpoint": "https://terrastorageaccuc-secondary.queue.core.windows.net/",
            "secondary_queue_host": "terrastorageaccuc-secondary.queue.core.windows.net",
            "secondary_queue_microsoft_endpoint": null,
            "secondary_queue_microsoft_host": null,
            "secondary_table_endpoint": "https://terrastorageaccuc-secondary.table.core.windows.net/",
            "secondary_table_host": "terrastorageaccuc-secondary.table.core.windows.net",
            "secondary_table_microsoft_endpoint": null,
            "secondary_table_microsoft_host": null,
            "secondary_web_endpoint": "https://terrastorageaccuc-secondary.z13.web.core.windows.net/",
            "secondary_web_host": "terrastorageaccuc-secondary.z13.web.core.windows.net",
            "secondary_web_internet_endpoint": null,
            "secondary_web_internet_host": null,
            "secondary_web_microsoft_endpoint": null,
            "secondary_web_microsoft_host": null,
            "sftp_enabled": false,
            "share_properties": [
              {
                "cors_rule": [],
                "retention_policy": [
                  {
                    "days": 7
                  }
                ],
                "smb": []
              }
            ],
            "shared_access_key_enabled": true,
            "static_website": [],
            "table_encryption_key_type": "Service",
            "tags": null,
            "timeouts": null
          },
          "sensitive_attributes": [],
          "private": "eyJlMmJmYjczMC1lY2FhLTExZTYtOGY4OC0zNDM2M2JjN2M0YzAiOnsiY3JlYXRlIjozNjAwMDAwMDAwMDAwLCJkZWxldGUiOjM2MDAwMDAwMDAwMDAsInJlYWQiOjMwMDAwMDAwMDAwMCwidXBkYXRlIjozNjAwMDAwMDAwMDAwfSwic2NoZW1hX3ZlcnNpb24iOiI0In0=",
          "dependencies": [
            "module.databricks.azurerm_resource_group.new_rg"
          ]
        }
      ]
    },
    {
      "module": "module.databricks",
      "mode": "managed",
      "type": "azurerm_storage_container",
      "name": "unity_catalog",
      "provider": "module.databricks.provider[\"registry.terraform.io/hashicorp/azurerm\"]",
      "instances": [
        {
          "schema_version": 1,
          "attributes": {
            "container_access_type": "private",
            "has_immutability_policy": false,
            "has_legal_hold": false,
            "id": "https://terrastorageaccuc.blob.core.windows.net/terracontainer",
            "metadata": {},
            "name": "terracontainer",
            "resource_manager_id": "/subscriptions/a637d602-ce36-472f-af49-6339e477966d/resourceGroups/my_terra-new-rg/providers/Microsoft.Storage/storageAccounts/terrastorageaccuc/blobServices/default/containers/terracontainer",
            "storage_account_name": "terrastorageaccuc",
            "timeouts": null
          },
          "sensitive_attributes": [],
          "private": "eyJlMmJmYjczMC1lY2FhLTExZTYtOGY4OC0zNDM2M2JjN2M0YzAiOnsiY3JlYXRlIjoxODAwMDAwMDAwMDAwLCJkZWxldGUiOjE4MDAwMDAwMDAwMDAsInJlYWQiOjMwMDAwMDAwMDAwMCwidXBkYXRlIjoxODAwMDAwMDAwMDAwfSwic2NoZW1hX3ZlcnNpb24iOiIxIn0=",
          "dependencies": [
            "module.databricks.azurerm_resource_group.new_rg",
            "module.databricks.azurerm_storage_account.unity_catalog"
          ]
        }
      ]
    },
    {
      "module": "module.databricks",
      "mode": "managed",
      "type": "databricks_cluster",
      "name": "simple_cluster",
      "provider": "module.databricks.provider[\"registry.terraform.io/databrickslabs/databricks\"]",
      "instances": [
        {
          "schema_version": 2,
          "attributes": {
            "autoscale": [],
            "autotermination_minutes": 90,
            "aws_attributes": [],
            "cluster_id": "0122-152655-w3o378e8",
            "cluster_log_conf": [],
            "cluster_name": "my_terra-Simple-Cluster",
            "custom_tags": null,
            "default_tags": {
              "ClusterId": "0122-152655-w3o378e8",
              "ClusterName": "my_terra-Simple-Cluster",
              "Creator": "ankitprep@outlook.com",
              "Vendor": "Databricks"
            },
            "docker_image": [],
            "driver_node_type_id": "Standard_DS3_v2",
            "enable_elastic_disk": true,
            "enable_local_disk_encryption": false,
            "id": "0122-152655-w3o378e8",
            "idempotency_token": null,
            "init_scripts": [],
            "instance_pool_id": null,
            "is_pinned": false,
            "library": [],
            "node_type_id": "Standard_DS3_v2",
            "num_workers": 2,
            "policy_id": null,
            "single_user_name": null,
            "spark_conf": null,
            "spark_env_vars": null,
            "spark_version": "7.3.x-scala2.12",
            "ssh_public_keys": null,
            "state": "RUNNING",
            "timeouts": null
          },
          "sensitive_attributes": [],
          "private": "eyJlMmJmYjczMC1lY2FhLTExZTYtOGY4OC0zNDM2M2JjN2M0YzAiOnsiY3JlYXRlIjoxODAwMDAwMDAwMDAwLCJkZWxldGUiOjE4MDAwMDAwMDAwMDAsInVwZGF0ZSI6MTgwMDAwMDAwMDAwMH0sInNjaGVtYV92ZXJzaW9uIjoiMiJ9"
        }
      ]
    },
    {
      "module": "module.databricks",
      "mode": "managed",
      "type": "databricks_group_member",
      "name": "i-am-admin",
      "provider": "module.databricks.provider[\"registry.terraform.io/databrickslabs/databricks\"]",
      "instances": [
        {
          "schema_version": 0,
          "attributes": {
            "group_id": "128289143174603",
            "id": "128289143174603|4464717301848631",
            "member_id": "4464717301848631"
          },
          "sensitive_attributes": [],
          "private": "bnVsbA==",
          "dependencies": [
            "module.databricks.data.databricks_group.admins",
            "module.databricks.databricks_service_principal.sp"
          ]
        }
      ]
    },
    {
      "module": "module.databricks",
      "mode": "managed",
      "type": "databricks_service_principal",
      "name": "sp",
      "provider": "module.databricks.provider[\"registry.terraform.io/databrickslabs/databricks\"]",
      "instances": [
        {
          "schema_version": 0,
          "attributes": {
            "active": true,
            "allow_cluster_create": false,
            "allow_instance_pool_create": false,
            "application_id": "854095a6-0c57-4c7e-91c6-92c0d6925b50",
            "display_name": "854095a6-0c57-4c7e-91c6-92c0d6925b50",
            "id": "4464717301848631"
          },
          "sensitive_attributes": [],
          "private": "bnVsbA=="
        }
      ]
    },
    {
      "module": "module.unity_catalogue",
      "mode": "data",
      "type": "azurerm_client_config",
      "name": "current",
      "provider": "module.unity_catalogue.provider[\"registry.terraform.io/hashicorp/azurerm\"]",
      "instances": [
        {
          "schema_version": 0,
          "attributes": {
            "client_id": "04b07795-8ddb-461a-bbee-02f9e1bf7b46",
            "id": "Y2xpZW50Q29uZmlncy9jbGllbnRJZD0wNGIwNzc5NS04ZGRiLTQ2MWEtYmJlZS0wMmY5ZTFiZjdiNDY7b2JqZWN0SWQ9YWJkNmM1ZmUtOTM3Ni00NTNjLWJmNGItY2U2MzE4N2E0NTUxO3N1YnNjcmlwdGlvbklkPWE2MzdkNjAyLWNlMzYtNDcyZi1hZjQ5LTYzMzllNDc3OTY2ZDt0ZW5hbnRJZD1lZGFmNWQzYi1kZTgwLTQ3NzEtOGVjMC1mZTM1ZjRlNWQyNDc=",
            "object_id": "abd6c5fe-9376-453c-bf4b-ce63187a4551",
            "subscription_id": "a637d602-ce36-472f-af49-6339e477966d",
            "tenant_id": "edaf5d3b-de80-4771-8ec0-fe35f4e5d247",
            "timeouts": null
          },
          "sensitive_attributes": []
        }
      ]
    },
    {
      "module": "module.unity_catalogue",
      "mode": "data",
      "type": "azurerm_databricks_workspace",
      "name": "this",
      "provider": "module.unity_catalogue.provider[\"registry.terraform.io/hashicorp/azurerm\"]",
      "instances": [
        {
          "schema_version": 0,
          "attributes": {
            "id": "/subscriptions/a637d602-ce36-472f-af49-6339e477966d/resourceGroups/NetworkWatcherRG/providers/Microsoft.Databricks/workspaces/Demo_ws",
            "location": "eastus",
            "managed_disk_identity": [],
            "name": "Demo_ws",
            "resource_group_name": "NetworkWatcherRG",
            "sku": "premium",
            "storage_account_identity": [],
            "tags": {},
            "timeouts": null,
            "workspace_id": "5382674463658831",
            "workspace_url": "adb-5382674463658831.11.azuredatabricks.net"
          },
          "sensitive_attributes": []
        }
      ]
    },
    {
      "module": "module.unity_catalogue",
      "mode": "data",
      "type": "azurerm_resource_group",
      "name": "this",
      "provider": "module.unity_catalogue.provider[\"registry.terraform.io/hashicorp/azurerm\"]",
      "instances": [
        {
          "schema_version": 0,
          "attributes": {
            "id": "/subscriptions/a637d602-ce36-472f-af49-6339e477966d/resourceGroups/NetworkWatcherRG",
            "location": "centralus",
            "managed_by": "",
            "name": "NetworkWatcherRG",
            "tags": {},
            "timeouts": null
          },
          "sensitive_attributes": []
        }
      ]
    },
    {
      "module": "module.unity_catalogue",
      "mode": "managed",
      "type": "azurerm_databricks_access_connector",
      "name": "ext_access_connector",
      "provider": "module.unity_catalogue.provider[\"registry.terraform.io/hashicorp/azurerm\"]",
      "instances": [
        {
          "schema_version": 0,
          "attributes": {
            "id": "/subscriptions/a637d602-ce36-472f-af49-6339e477966d/resourceGroups/NetworkWatcherRG/providers/Microsoft.Databricks/accessConnectors/ext-databricks-mi",
            "identity": [
              {
                "identity_ids": null,
                "principal_id": "cebafcb1-2245-4e46-b4f7-4c9770c6b225",
                "tenant_id": "edaf5d3b-de80-4771-8ec0-fe35f4e5d247",
                "type": "SystemAssigned"
              }
            ],
            "location": "centralus",
            "name": "ext-databricks-mi",
            "resource_group_name": "NetworkWatcherRG",
            "tags": null,
            "timeouts": null
          },
          "sensitive_attributes": [],
          "private": "eyJlMmJmYjczMC1lY2FhLTExZTYtOGY4OC0zNDM2M2JjN2M0YzAiOnsiY3JlYXRlIjoxODAwMDAwMDAwMDAwLCJkZWxldGUiOjE4MDAwMDAwMDAwMDAsInJlYWQiOjMwMDAwMDAwMDAwMCwidXBkYXRlIjoxODAwMDAwMDAwMDAwfX0=",
          "dependencies": [
            "module.unity_catalogue.data.azurerm_resource_group.this"
          ]
        }
      ]
    },
    {
      "module": "module.unity_catalogue",
      "mode": "managed",
      "type": "azurerm_role_assignment",
      "name": "ext_storage",
      "provider": "module.unity_catalogue.provider[\"registry.terraform.io/hashicorp/azurerm\"]",
      "instances": [
        {
          "schema_version": 0,
          "attributes": {
            "condition": "",
            "condition_version": "",
            "delegated_managed_identity_resource_id": "",
            "description": "",
            "id": "/subscriptions/a637d602-ce36-472f-af49-6339e477966d/resourceGroups/NetworkWatcherRG/providers/Microsoft.Storage/storageAccounts/networkwatcherextstorage/providers/Microsoft.Authorization/roleAssignments/47ae0f87-9f32-2888-a570-3e4714e072b8",
            "name": "47ae0f87-9f32-2888-a570-3e4714e072b8",
            "principal_id": "cebafcb1-2245-4e46-b4f7-4c9770c6b225",
            "principal_type": "ServicePrincipal",
            "role_definition_id": "/subscriptions/a637d602-ce36-472f-af49-6339e477966d/providers/Microsoft.Authorization/roleDefinitions/ba92f5b4-2d11-453d-a403-e96b0029c9fe",
            "role_definition_name": "Storage Blob Data Contributor",
            "scope": "/subscriptions/a637d602-ce36-472f-af49-6339e477966d/resourceGroups/NetworkWatcherRG/providers/Microsoft.Storage/storageAccounts/networkwatcherextstorage",
            "skip_service_principal_aad_check": null,
            "timeouts": null
          },
          "sensitive_attributes": [],
          "private": "eyJlMmJmYjczMC1lY2FhLTExZTYtOGY4OC0zNDM2M2JjN2M0YzAiOnsiY3JlYXRlIjoxODAwMDAwMDAwMDAwLCJkZWxldGUiOjE4MDAwMDAwMDAwMDAsInJlYWQiOjMwMDAwMDAwMDAwMH19",
          "dependencies": [
            "module.unity_catalogue.azurerm_databricks_access_connector.ext_access_connector",
            "module.unity_catalogue.azurerm_storage_account.ext_storage",
            "module.unity_catalogue.data.azurerm_resource_group.this"
          ]
        }
      ]
    },
    {
      "module": "module.unity_catalogue",
      "mode": "managed",
      "type": "azurerm_storage_account",
      "name": "ext_storage",
      "provider": "module.unity_catalogue.provider[\"registry.terraform.io/hashicorp/azurerm\"]",
      "instances": [
        {
          "schema_version": 4,
          "attributes": {
            "access_tier": "Hot",
            "account_kind": "StorageV2",
            "account_replication_type": "GRS",
            "account_tier": "Standard",
            "allow_nested_items_to_be_public": true,
            "allowed_copy_scope": "",
            "azure_files_authentication": [],
            "blob_properties": [
              {
                "change_feed_enabled": false,
                "change_feed_retention_in_days": 0,
                "container_delete_retention_policy": [],
                "cors_rule": [],
                "default_service_version": "",
                "delete_retention_policy": [],
                "last_access_time_enabled": false,
                "restore_policy": [],
                "versioning_enabled": false
              }
            ],
            "cross_tenant_replication_enabled": true,
            "custom_domain": [],
            "customer_managed_key": [],
            "default_to_oauth_authentication": false,
            "edge_zone": "",
            "enable_https_traffic_only": true,
            "id": "/subscriptions/a637d602-ce36-472f-af49-6339e477966d/resourceGroups/NetworkWatcherRG/providers/Microsoft.Storage/storageAccounts/networkwatcherextstorage",
            "identity": [],
            "immutability_policy": [],
            "infrastructure_encryption_enabled": false,
            "is_hns_enabled": true,
            "large_file_share_enabled": null,
            "location": "centralus",
            "min_tls_version": "TLS1_2",
            "name": "networkwatcherextstorage",
            "network_rules": [
              {
                "bypass": [
                  "AzureServices"
                ],
                "default_action": "Allow",
                "ip_rules": [],
                "private_link_access": [],
                "virtual_network_subnet_ids": []
              }
            ],
            "nfsv3_enabled": false,
            "primary_access_key": "CIf+C7Za3pCy0k7JhX2hvaoiQEzni7gEzuXhOA/tlaGz2x5k5+nas9vDTkDRJsDVygmZlRT80g/b+AStutINPw==",
            "primary_blob_connection_string": "DefaultEndpointsProtocol=https;BlobEndpoint=https://networkwatcherextstorage.blob.core.windows.net/;AccountName=networkwatcherextstorage;AccountKey=CIf+C7Za3pCy0k7JhX2hvaoiQEzni7gEzuXhOA/tlaGz2x5k5+nas9vDTkDRJsDVygmZlRT80g/b+AStutINPw==",
            "primary_blob_endpoint": "https://networkwatcherextstorage.blob.core.windows.net/",
            "primary_blob_host": "networkwatcherextstorage.blob.core.windows.net",
            "primary_blob_internet_endpoint": null,
            "primary_blob_internet_host": null,
            "primary_blob_microsoft_endpoint": null,
            "primary_blob_microsoft_host": null,
            "primary_connection_string": "DefaultEndpointsProtocol=https;AccountName=networkwatcherextstorage;AccountKey=CIf+C7Za3pCy0k7JhX2hvaoiQEzni7gEzuXhOA/tlaGz2x5k5+nas9vDTkDRJsDVygmZlRT80g/b+AStutINPw==;EndpointSuffix=core.windows.net",
            "primary_dfs_endpoint": "https://networkwatcherextstorage.dfs.core.windows.net/",
            "primary_dfs_host": "networkwatcherextstorage.dfs.core.windows.net",
            "primary_dfs_internet_endpoint": null,
            "primary_dfs_internet_host": null,
            "primary_dfs_microsoft_endpoint": null,
            "primary_dfs_microsoft_host": null,
            "primary_file_endpoint": "https://networkwatcherextstorage.file.core.windows.net/",
            "primary_file_host": "networkwatcherextstorage.file.core.windows.net",
            "primary_file_internet_endpoint": null,
            "primary_file_internet_host": null,
            "primary_file_microsoft_endpoint": null,
            "primary_file_microsoft_host": null,
            "primary_location": "centralus",
            "primary_queue_endpoint": "https://networkwatcherextstorage.queue.core.windows.net/",
            "primary_queue_host": "networkwatcherextstorage.queue.core.windows.net",
            "primary_queue_microsoft_endpoint": null,
            "primary_queue_microsoft_host": null,
            "primary_table_endpoint": "https://networkwatcherextstorage.table.core.windows.net/",
            "primary_table_host": "networkwatcherextstorage.table.core.windows.net",
            "primary_table_microsoft_endpoint": null,
            "primary_table_microsoft_host": null,
            "primary_web_endpoint": "https://networkwatcherextstorage.z19.web.core.windows.net/",
            "primary_web_host": "networkwatcherextstorage.z19.web.core.windows.net",
            "primary_web_internet_endpoint": null,
            "primary_web_internet_host": null,
            "primary_web_microsoft_endpoint": null,
            "primary_web_microsoft_host": null,
            "public_network_access_enabled": true,
            "queue_encryption_key_type": "Service",
            "queue_properties": [
              {
                "cors_rule": [],
                "hour_metrics": [
                  {
                    "enabled": true,
                    "include_apis": true,
                    "retention_policy_days": 7,
                    "version": "1.0"
                  }
                ],
                "logging": [
                  {
                    "delete": false,
                    "read": false,
                    "retention_policy_days": 0,
                    "version": "1.0",
                    "write": false
                  }
                ],
                "minute_metrics": [
                  {
                    "enabled": false,
                    "include_apis": false,
                    "retention_policy_days": 0,
                    "version": "1.0"
                  }
                ]
              }
            ],
            "resource_group_name": "NetworkWatcherRG",
            "routing": [],
            "sas_policy": [],
            "secondary_access_key": "pNpR83W/BP/+W4iIwN9WTkoZRzHb7kMc9inyaYufu6uX5H/TJCglfCu3BldOB5Iv8d3iS9Urd9k6+AStUSInYA==",
            "secondary_blob_connection_string": "",
            "secondary_blob_endpoint": null,
            "secondary_blob_host": null,
            "secondary_blob_internet_endpoint": null,
            "secondary_blob_internet_host": null,
            "secondary_blob_microsoft_endpoint": null,
            "secondary_blob_microsoft_host": null,
            "secondary_connection_string": "DefaultEndpointsProtocol=https;AccountName=networkwatcherextstorage;AccountKey=pNpR83W/BP/+W4iIwN9WTkoZRzHb7kMc9inyaYufu6uX5H/TJCglfCu3BldOB5Iv8d3iS9Urd9k6+AStUSInYA==;EndpointSuffix=core.windows.net",
            "secondary_dfs_endpoint": null,
            "secondary_dfs_host": null,
            "secondary_dfs_internet_endpoint": null,
            "secondary_dfs_internet_host": null,
            "secondary_dfs_microsoft_endpoint": null,
            "secondary_dfs_microsoft_host": null,
            "secondary_file_endpoint": null,
            "secondary_file_host": null,
            "secondary_file_internet_endpoint": null,
            "secondary_file_internet_host": null,
            "secondary_file_microsoft_endpoint": null,
            "secondary_file_microsoft_host": null,
            "secondary_location": "eastus2",
            "secondary_queue_endpoint": null,
            "secondary_queue_host": null,
            "secondary_queue_microsoft_endpoint": null,
            "secondary_queue_microsoft_host": null,
            "secondary_table_endpoint": null,
            "secondary_table_host": null,
            "secondary_table_microsoft_endpoint": null,
            "secondary_table_microsoft_host": null,
            "secondary_web_endpoint": null,
            "secondary_web_host": null,
            "secondary_web_internet_endpoint": null,
            "secondary_web_internet_host": null,
            "secondary_web_microsoft_endpoint": null,
            "secondary_web_microsoft_host": null,
            "sftp_enabled": false,
            "share_properties": [
              {
                "cors_rule": [],
                "retention_policy": [
                  {
                    "days": 7
                  }
                ],
                "smb": []
              }
            ],
            "shared_access_key_enabled": true,
            "static_website": [],
            "table_encryption_key_type": "Service",
            "tags": null,
            "timeouts": null
          },
          "sensitive_attributes": [],
          "private": "eyJlMmJmYjczMC1lY2FhLTExZTYtOGY4OC0zNDM2M2JjN2M0YzAiOnsiY3JlYXRlIjozNjAwMDAwMDAwMDAwLCJkZWxldGUiOjM2MDAwMDAwMDAwMDAsInJlYWQiOjMwMDAwMDAwMDAwMCwidXBkYXRlIjozNjAwMDAwMDAwMDAwfSwic2NoZW1hX3ZlcnNpb24iOiI0In0=",
          "dependencies": [
            "module.unity_catalogue.data.azurerm_resource_group.this"
          ]
        }
      ]
    },
    {
      "module": "module.unity_catalogue",
      "mode": "managed",
      "type": "azurerm_storage_container",
      "name": "ext_storage",
      "provider": "module.unity_catalogue.provider[\"registry.terraform.io/hashicorp/azurerm\"]",
      "instances": [
        {
          "schema_version": 1,
          "attributes": {
            "container_access_type": "private",
            "has_immutability_policy": false,
            "has_legal_hold": false,
            "id": "https://networkwatcherextstorage.blob.core.windows.net/networkwatcher-ext",
            "metadata": {},
            "name": "networkwatcher-ext",
            "resource_manager_id": "/subscriptions/a637d602-ce36-472f-af49-6339e477966d/resourceGroups/NetworkWatcherRG/providers/Microsoft.Storage/storageAccounts/networkwatcherextstorage/blobServices/default/containers/networkwatcher-ext",
            "storage_account_name": "networkwatcherextstorage",
            "timeouts": null
          },
          "sensitive_attributes": [],
          "private": "eyJlMmJmYjczMC1lY2FhLTExZTYtOGY4OC0zNDM2M2JjN2M0YzAiOnsiY3JlYXRlIjoxODAwMDAwMDAwMDAwLCJkZWxldGUiOjE4MDAwMDAwMDAwMDAsInJlYWQiOjMwMDAwMDAwMDAwMCwidXBkYXRlIjoxODAwMDAwMDAwMDAwfSwic2NoZW1hX3ZlcnNpb24iOiIxIn0=",
          "dependencies": [
            "module.unity_catalogue.azurerm_storage_account.ext_storage",
            "module.unity_catalogue.data.azurerm_resource_group.this"
          ]
        }
      ]
    }
  ],
  "check_results": null
}
